
Microsoft Visual Studio Solution File, Format Version 12.00
Project("{FAE04EC0-301F-11D3-BF4B-00C04F79EFBC}") = "MyFinance.WebApi", "MyFinance.WebApi\MyFinance.WebApi.csproj", "{F439E056-3C03-4595-8865-CE58BA46DD7B}"
EndProject
Project("{FAE04EC0-301F-11D3-BF4B-00C04F79EFBC}") = "MyFinance.Domain", "MyFinance.Domain\MyFinance.Domain.csproj", "{022FE277-2C7C-4C55-9589-309B5ECF36D2}"
EndProject
Project("{FAE04EC0-301F-11D3-BF4B-00C04F79EFBC}") = "MyFinance.Core", "MyFinance.Core\MyFinance.Core.csproj", "{5749B9B1-D658-4180-B221-100FAB0679C1}"
EndProject
Project("{FAE04EC0-301F-11D3-BF4B-00C04F79EFBC}") = "MyFinance.Common", "MyFinance.Common\MyFinance.Common.csproj", "{04F28C1C-0C29-44CE-8FEA-520CCFC4A507}"
EndProject
Project("{FAE04EC0-301F-11D3-BF4B-00C04F79EFBC}") = "MyFinance.Persistence", "MyFinance.Persistence\MyFinance.Persistence.csproj", "{18D56AD5-58CB-4E68-AA36-92D15E88946C}"
EndProject
Global
	GlobalSection(SolutionConfigurationPlatforms) = preSolution
		Debug|Any CPU = Debug|Any CPU
		Release|Any CPU = Release|Any CPU
	EndGlobalSection
	GlobalSection(ProjectConfigurationPlatforms) = postSolution
		{F439E056-3C03-4595-8865-CE58BA46DD7B}.Debug|Any CPU.ActiveCfg = Debug|Any CPU
		{F439E056-3C03-4595-8865-CE58BA46DD7B}.Debug|Any CPU.Build.0 = Debug|Any CPU
		{F439E056-3C03-4595-8865-CE58BA46DD7B}.Release|Any CPU.ActiveCfg = Release|Any CPU
		{F439E056-3C03-4595-8865-CE58BA46DD7B}.Release|Any CPU.Build.0 = Release|Any CPU
		{022FE277-2C7C-4C55-9589-309B5ECF36D2}.Debug|Any CPU.ActiveCfg = Debug|Any CPU
		{022FE277-2C7C-4C55-9589-309B5ECF36D2}.Debug|Any CPU.Build.0 = Debug|Any CPU
		{022FE277-2C7C-4C55-9589-309B5ECF36D2}.Release|Any CPU.ActiveCfg = Release|Any CPU
		{022FE277-2C7C-4C55-9589-309B5ECF36D2}.Release|Any CPU.Build.0 = Release|Any CPU
		{5749B9B1-D658-4180-B221-100FAB0679C1}.Debug|Any CPU.ActiveCfg = Debug|Any CPU
		{5749B9B1-D658-4180-B221-100FAB0679C1}.Debug|Any CPU.Build.0 = Debug|Any CPU
		{5749B9B1-D658-4180-B221-100FAB0679C1}.Release|Any CPU.ActiveCfg = Release|Any CPU
		{5749B9B1-D658-4180-B221-100FAB0679C1}.Release|Any CPU.Build.0 = Release|Any CPU
		{04F28C1C-0C29-44CE-8FEA-520CCFC4A507}.Debug|Any CPU.ActiveCfg = Debug|Any CPU
		{04F28C1C-0C29-44CE-8FEA-520CCFC4A507}.Debug|Any CPU.Build.0 = Debug|Any CPU
		{04F28C1C-0C29-44CE-8FEA-520CCFC4A507}.Release|Any CPU.ActiveCfg = Release|Any CPU
		{04F28C1C-0C29-44CE-8FEA-520CCFC4A507}.Release|Any CPU.Build.0 = Release|Any CPU
		{18D56AD5-58CB-4E68-AA36-92D15E88946C}.Debug|Any CPU.ActiveCfg = Debug|Any CPU
		{18D56AD5-58CB-4E68-AA36-92D15E88946C}.Debug|Any CPU.Build.0 = Debug|Any CPU
		{18D56AD5-58CB-4E68-AA36-92D15E88946C}.Release|Any CPU.ActiveCfg = Release|Any CPU
		{18D56AD5-58CB-4E68-AA36-92D15E88946C}.Release|Any CPU.Build.0 = Release|Any CPU
	EndGlobalSection
EndGlobal
